
Microsoft Visual Studio Solution File, Format Version 12.00
# Visual Studio Version 16
VisualStudioVersion = 16.0.30517.126
MinimumVisualStudioVersion = 10.0.40219.1
Project("{8BC9CEB8-8B4A-11D0-8D11-00A0C91BC942}") = "Shurubey_laba1_oop", "Shurubey_laba1_oop\Shurubey_laba1_oop.vcxproj", "{F8559B17-7C1E-4FF7-A406-82F24F761907}"
EndProject
Global
	GlobalSection(SolutionConfigurationPlatforms) = preSolution
		Debug|x64 = Debug|x64
		Debug|x86 = Debug|x86
		Release|x64 = Release|x64
		Release|x86 = Release|x86
	EndGlobalSection
	GlobalSection(ProjectConfigurationPlatforms) = postSolution
		{F8559B17-7C1E-4FF7-A406-82F24F761907}.Debug|x64.ActiveCfg = Debug|x64
		{F8559B17-7C1E-4FF7-A406-82F24F761907}.Debug|x64.Build.0 = Debug|x64
		{F8559B17-7C1E-4FF7-A406-82F24F761907}.Debug|x86.ActiveCfg = Debug|Win32
		{F8559B17-7C1E-4FF7-A406-82F24F761907}.Debug|x86.Build.0 = Debug|Win32
		{F8559B17-7C1E-4FF7-A406-82F24F761907}.Release|x64.ActiveCfg = Release|x64
		{F8559B17-7C1E-4FF7-A406-82F24F761907}.Release|x64.Build.0 = Release|x64
		{F8559B17-7C1E-4FF7-A406-82F24F761907}.Release|x86.ActiveCfg = Release|Win32
		{F8559B17-7C1E-4FF7-A406-82F24F761907}.Release|x86.Build.0 = Release|Win32
	EndGlobalSection
	GlobalSection(SolutionProperties) = preSolution
		HideSolutionNode = FALSE
	EndGlobalSection
	GlobalSection(ExtensibilityGlobals) = postSolution
		SolutionGuid = {601BA947-0ED4-4758-9160-A8B3D215869E}
	EndGlobalSection
EndGlobal
